
Microsoft Visual Studio Solution File, Format Version 12.00
# Visual Studio Version 17
VisualStudioVersion = 17.5.33424.131
MinimumVisualStudioVersion = 10.0.40219.1
Project("{2150E333-8FDC-42A3-9474-1A3956D46DE8}") = "Элементы решения", "Элементы решения", "{1CC7C99A-3F03-4E63-9EDC-BCCE33761669}"
	ProjectSection(SolutionItems) = preProject
		.gitignore = .gitignore
		README.md = README.md
	EndProjectSection
EndProject
Project("{2150E333-8FDC-42A3-9474-1A3956D46DE8}") = "Homework_lesson_1", "Homework_lesson_1", "{5BA5089C-BFA9-4DAB-B2C0-283E8572FBD9}"
EndProject
Project("{9A19103F-16F7-4668-BE54-9A1E7A4F7556}") = "Task_2", "Homework_lesson_1\Task_2\Task_2.csproj", "{C77D1E4A-D6F1-4E0B-92B0-29AA687D1E89}"
EndProject
Project("{9A19103F-16F7-4668-BE54-9A1E7A4F7556}") = "Task_4", "Homework_lesson_1\Task_4\Task_4.csproj", "{4EB9111B-1CBB-467C-925D-FADF5BFA9266}"
EndProject
Project("{9A19103F-16F7-4668-BE54-9A1E7A4F7556}") = "Task_6", "Homework_lesson_1\Task_6\Task_6.csproj", "{6BD24B4F-0788-43B8-8A7B-C42F08067E54}"
EndProject
Project("{9A19103F-16F7-4668-BE54-9A1E7A4F7556}") = "Task_8", "Homework_lesson_1\Task_8\Task_8.csproj", "{A5BF88ED-2163-4E42-AD71-2926B0377CAE}"
EndProject
Project("{2150E333-8FDC-42A3-9474-1A3956D46DE8}") = "Homework_lesson_2", "Homework_lesson_2", "{6B9A1365-FDBC-4C22-8F9C-2AAA8370ED79}"
EndProject
Project("{FAE04EC0-301F-11D3-BF4B-00C04F79EFBC}") = "Task_13", "Homework_lesson_2\Task_13\Task_13.csproj", "{F5B2886E-37ED-40D2-B65D-141C11DCB6BC}"
EndProject
Project("{FAE04EC0-301F-11D3-BF4B-00C04F79EFBC}") = "Task_15", "Homework_lesson_2\Task_15\Task_15.csproj", "{74CC925C-B72C-4FB8-A8A5-B36F9F5E7B3F}"
EndProject
Project("{FAE04EC0-301F-11D3-BF4B-00C04F79EFBC}") = "Task_10", "Homework_lesson_2\Task_10\Task_10.csproj", "{89AD1BDC-BD6E-4DCC-9543-7304AF422342}"
EndProject
Global
	GlobalSection(SolutionConfigurationPlatforms) = preSolution
		Debug|Any CPU = Debug|Any CPU
		Release|Any CPU = Release|Any CPU
	EndGlobalSection
	GlobalSection(ProjectConfigurationPlatforms) = postSolution
		{C77D1E4A-D6F1-4E0B-92B0-29AA687D1E89}.Debug|Any CPU.ActiveCfg = Debug|Any CPU
		{C77D1E4A-D6F1-4E0B-92B0-29AA687D1E89}.Debug|Any CPU.Build.0 = Debug|Any CPU
		{C77D1E4A-D6F1-4E0B-92B0-29AA687D1E89}.Release|Any CPU.ActiveCfg = Release|Any CPU
		{C77D1E4A-D6F1-4E0B-92B0-29AA687D1E89}.Release|Any CPU.Build.0 = Release|Any CPU
		{4EB9111B-1CBB-467C-925D-FADF5BFA9266}.Debug|Any CPU.ActiveCfg = Debug|Any CPU
		{4EB9111B-1CBB-467C-925D-FADF5BFA9266}.Debug|Any CPU.Build.0 = Debug|Any CPU
		{4EB9111B-1CBB-467C-925D-FADF5BFA9266}.Release|Any CPU.ActiveCfg = Release|Any CPU
		{4EB9111B-1CBB-467C-925D-FADF5BFA9266}.Release|Any CPU.Build.0 = Release|Any CPU
		{6BD24B4F-0788-43B8-8A7B-C42F08067E54}.Debug|Any CPU.ActiveCfg = Debug|Any CPU
		{6BD24B4F-0788-43B8-8A7B-C42F08067E54}.Debug|Any CPU.Build.0 = Debug|Any CPU
		{6BD24B4F-0788-43B8-8A7B-C42F08067E54}.Release|Any CPU.ActiveCfg = Release|Any CPU
		{6BD24B4F-0788-43B8-8A7B-C42F08067E54}.Release|Any CPU.Build.0 = Release|Any CPU
		{A5BF88ED-2163-4E42-AD71-2926B0377CAE}.Debug|Any CPU.ActiveCfg = Debug|Any CPU
		{A5BF88ED-2163-4E42-AD71-2926B0377CAE}.Debug|Any CPU.Build.0 = Debug|Any CPU
		{A5BF88ED-2163-4E42-AD71-2926B0377CAE}.Release|Any CPU.ActiveCfg = Release|Any CPU
		{A5BF88ED-2163-4E42-AD71-2926B0377CAE}.Release|Any CPU.Build.0 = Release|Any CPU
		{F5B2886E-37ED-40D2-B65D-141C11DCB6BC}.Debug|Any CPU.ActiveCfg = Debug|Any CPU
		{F5B2886E-37ED-40D2-B65D-141C11DCB6BC}.Debug|Any CPU.Build.0 = Debug|Any CPU
		{F5B2886E-37ED-40D2-B65D-141C11DCB6BC}.Release|Any CPU.ActiveCfg = Release|Any CPU
		{F5B2886E-37ED-40D2-B65D-141C11DCB6BC}.Release|Any CPU.Build.0 = Release|Any CPU
		{74CC925C-B72C-4FB8-A8A5-B36F9F5E7B3F}.Debug|Any CPU.ActiveCfg = Debug|Any CPU
		{74CC925C-B72C-4FB8-A8A5-B36F9F5E7B3F}.Debug|Any CPU.Build.0 = Debug|Any CPU
		{74CC925C-B72C-4FB8-A8A5-B36F9F5E7B3F}.Release|Any CPU.ActiveCfg = Release|Any CPU
		{74CC925C-B72C-4FB8-A8A5-B36F9F5E7B3F}.Release|Any CPU.Build.0 = Release|Any CPU
		{89AD1BDC-BD6E-4DCC-9543-7304AF422342}.Debug|Any CPU.ActiveCfg = Debug|Any CPU
		{89AD1BDC-BD6E-4DCC-9543-7304AF422342}.Debug|Any CPU.Build.0 = Debug|Any CPU
		{89AD1BDC-BD6E-4DCC-9543-7304AF422342}.Release|Any CPU.ActiveCfg = Release|Any CPU
		{89AD1BDC-BD6E-4DCC-9543-7304AF422342}.Release|Any CPU.Build.0 = Release|Any CPU
	EndGlobalSection
	GlobalSection(SolutionProperties) = preSolution
		HideSolutionNode = FALSE
	EndGlobalSection
	GlobalSection(NestedProjects) = preSolution
		{C77D1E4A-D6F1-4E0B-92B0-29AA687D1E89} = {5BA5089C-BFA9-4DAB-B2C0-283E8572FBD9}
		{4EB9111B-1CBB-467C-925D-FADF5BFA9266} = {5BA5089C-BFA9-4DAB-B2C0-283E8572FBD9}
		{6BD24B4F-0788-43B8-8A7B-C42F08067E54} = {5BA5089C-BFA9-4DAB-B2C0-283E8572FBD9}
		{A5BF88ED-2163-4E42-AD71-2926B0377CAE} = {5BA5089C-BFA9-4DAB-B2C0-283E8572FBD9}
		{F5B2886E-37ED-40D2-B65D-141C11DCB6BC} = {6B9A1365-FDBC-4C22-8F9C-2AAA8370ED79}
		{74CC925C-B72C-4FB8-A8A5-B36F9F5E7B3F} = {6B9A1365-FDBC-4C22-8F9C-2AAA8370ED79}
		{89AD1BDC-BD6E-4DCC-9543-7304AF422342} = {6B9A1365-FDBC-4C22-8F9C-2AAA8370ED79}
	EndGlobalSection
	GlobalSection(ExtensibilityGlobals) = postSolution
		SolutionGuid = {64865AD8-4384-4D0E-84F5-EE0910BDF6B5}
	EndGlobalSection
EndGlobal
